
Microsoft Visual Studio Solution File, Format Version 12.00
# Visual Studio Version 17
VisualStudioVersion = 17.5.33209.295
MinimumVisualStudioVersion = 10.0.40219.1
Project("{FAE04EC0-301F-11D3-BF4B-00C04F79EFBC}") = "CosmosDB_MVC", "CosmosDB_MVC\CosmosDB_MVC.csproj", "{639746E8-0D37-4E96-BFEF-921EDBC1081B}"
EndProject
Global
	GlobalSection(SolutionConfigurationPlatforms) = preSolution
		Debug|Any CPU = Debug|Any CPU
		Release|Any CPU = Release|Any CPU
	EndGlobalSection
	GlobalSection(ProjectConfigurationPlatforms) = postSolution
		{639746E8-0D37-4E96-BFEF-921EDBC1081B}.Debug|Any CPU.ActiveCfg = Debug|Any CPU
		{639746E8-0D37-4E96-BFEF-921EDBC1081B}.Debug|Any CPU.Build.0 = Debug|Any CPU
		{639746E8-0D37-4E96-BFEF-921EDBC1081B}.Release|Any CPU.ActiveCfg = Release|Any CPU
		{639746E8-0D37-4E96-BFEF-921EDBC1081B}.Release|Any CPU.Build.0 = Release|Any CPU
	EndGlobalSection
	GlobalSection(SolutionProperties) = preSolution
		HideSolutionNode = FALSE
	EndGlobalSection
	GlobalSection(ExtensibilityGlobals) = postSolution
		SolutionGuid = {27F84631-604D-4EF1-BCAA-5DBD6692BEBA}
	EndGlobalSection
EndGlobal
